
Microsoft Visual Studio Solution File, Format Version 12.00
# Visual Studio Version 17
VisualStudioVersion = 17.6.33712.159
MinimumVisualStudioVersion = 10.0.40219.1
Project("{2150E333-8FDC-42A3-9474-1A3956D46DE8}") = "FrontEnd", "FrontEnd", "{C3D1F2E2-8E08-4CB7-ADEE-5FA57A0915DE}"
EndProject
Project("{2150E333-8FDC-42A3-9474-1A3956D46DE8}") = "Gateway", "Gateway", "{9D75F9A4-F650-4552-A740-2A45F13A5181}"
EndProject
Project("{2150E333-8FDC-42A3-9474-1A3956D46DE8}") = "Integration", "Integration", "{81756436-E4E7-421B-ADE8-303F89ABF6AC}"
EndProject
Project("{2150E333-8FDC-42A3-9474-1A3956D46DE8}") = "Services", "Services", "{CE2E8CE3-43A8-4F85-B434-F79D2A4B706A}"
EndProject
Project("{9A19103F-16F7-4668-BE54-9A1E7A4F7556}") = "Mango.Services.CouponAPI", "Mango.Services.CouponAPI\Mango.Services.CouponAPI.csproj", "{B5755AB2-7ADC-46EA-9119-9BE2FDD6A3BA}"
EndProject
Project("{9A19103F-16F7-4668-BE54-9A1E7A4F7556}") = "Mango.Web", "Mango.Web\Mango.Web.csproj", "{19D6CAA7-F563-4F86-B798-5AF8EB0ECECC}"
EndProject
Project("{9A19103F-16F7-4668-BE54-9A1E7A4F7556}") = "Mango.Services.AuthAPI", "Mango.Services.AuthAPI\Mango.Services.AuthAPI.csproj", "{62B97BAF-F64C-44AB-8FB8-A867DB9C3974}"
EndProject
Project("{9A19103F-16F7-4668-BE54-9A1E7A4F7556}") = "Mango.Services.ProductAPI", "Mango.Services.ProductAPI\Mango.Services.ProductAPI.csproj", "{EDC574AB-2E61-4767-873D-E8D3694E7A39}"
EndProject
Project("{FAE04EC0-301F-11D3-BF4B-00C04F79EFBC}") = "Mango.Services.ShoppingCartAPI", "Mango.Services.ShoppingCartAPI\Mango.Services.ShoppingCartAPI.csproj", "{D7D3092B-AAAF-469A-9243-004249B6CCDF}"
EndProject
Global
	GlobalSection(SolutionConfigurationPlatforms) = preSolution
		Debug|Any CPU = Debug|Any CPU
		Release|Any CPU = Release|Any CPU
	EndGlobalSection
	GlobalSection(ProjectConfigurationPlatforms) = postSolution
		{B5755AB2-7ADC-46EA-9119-9BE2FDD6A3BA}.Debug|Any CPU.ActiveCfg = Debug|Any CPU
		{B5755AB2-7ADC-46EA-9119-9BE2FDD6A3BA}.Debug|Any CPU.Build.0 = Debug|Any CPU
		{B5755AB2-7ADC-46EA-9119-9BE2FDD6A3BA}.Release|Any CPU.ActiveCfg = Release|Any CPU
		{B5755AB2-7ADC-46EA-9119-9BE2FDD6A3BA}.Release|Any CPU.Build.0 = Release|Any CPU
		{19D6CAA7-F563-4F86-B798-5AF8EB0ECECC}.Debug|Any CPU.ActiveCfg = Debug|Any CPU
		{19D6CAA7-F563-4F86-B798-5AF8EB0ECECC}.Debug|Any CPU.Build.0 = Debug|Any CPU
		{19D6CAA7-F563-4F86-B798-5AF8EB0ECECC}.Release|Any CPU.ActiveCfg = Release|Any CPU
		{19D6CAA7-F563-4F86-B798-5AF8EB0ECECC}.Release|Any CPU.Build.0 = Release|Any CPU
		{62B97BAF-F64C-44AB-8FB8-A867DB9C3974}.Debug|Any CPU.ActiveCfg = Debug|Any CPU
		{62B97BAF-F64C-44AB-8FB8-A867DB9C3974}.Debug|Any CPU.Build.0 = Debug|Any CPU
		{62B97BAF-F64C-44AB-8FB8-A867DB9C3974}.Release|Any CPU.ActiveCfg = Release|Any CPU
		{62B97BAF-F64C-44AB-8FB8-A867DB9C3974}.Release|Any CPU.Build.0 = Release|Any CPU
		{EDC574AB-2E61-4767-873D-E8D3694E7A39}.Debug|Any CPU.ActiveCfg = Debug|Any CPU
		{EDC574AB-2E61-4767-873D-E8D3694E7A39}.Debug|Any CPU.Build.0 = Debug|Any CPU
		{EDC574AB-2E61-4767-873D-E8D3694E7A39}.Release|Any CPU.ActiveCfg = Release|Any CPU
		{EDC574AB-2E61-4767-873D-E8D3694E7A39}.Release|Any CPU.Build.0 = Release|Any CPU
		{D7D3092B-AAAF-469A-9243-004249B6CCDF}.Debug|Any CPU.ActiveCfg = Debug|Any CPU
		{D7D3092B-AAAF-469A-9243-004249B6CCDF}.Debug|Any CPU.Build.0 = Debug|Any CPU
		{D7D3092B-AAAF-469A-9243-004249B6CCDF}.Release|Any CPU.ActiveCfg = Release|Any CPU
		{D7D3092B-AAAF-469A-9243-004249B6CCDF}.Release|Any CPU.Build.0 = Release|Any CPU
	EndGlobalSection
	GlobalSection(SolutionProperties) = preSolution
		HideSolutionNode = FALSE
	EndGlobalSection
	GlobalSection(NestedProjects) = preSolution
		{B5755AB2-7ADC-46EA-9119-9BE2FDD6A3BA} = {CE2E8CE3-43A8-4F85-B434-F79D2A4B706A}
		{19D6CAA7-F563-4F86-B798-5AF8EB0ECECC} = {C3D1F2E2-8E08-4CB7-ADEE-5FA57A0915DE}
		{62B97BAF-F64C-44AB-8FB8-A867DB9C3974} = {CE2E8CE3-43A8-4F85-B434-F79D2A4B706A}
		{EDC574AB-2E61-4767-873D-E8D3694E7A39} = {CE2E8CE3-43A8-4F85-B434-F79D2A4B706A}
		{D7D3092B-AAAF-469A-9243-004249B6CCDF} = {CE2E8CE3-43A8-4F85-B434-F79D2A4B706A}
	EndGlobalSection
	GlobalSection(ExtensibilityGlobals) = postSolution
		SolutionGuid = {E3404469-138A-46C4-B155-B05657187720}
	EndGlobalSection
EndGlobal
